
Microsoft Visual Studio Solution File, Format Version 12.00
# Visual Studio 15
Project("{FAE04EC0-301F-11D3-BF4B-00C04F79EFBC}") = "distancing", "distancing.csproj", "{3BFA2651-54C1-4DF4-8FC3-21DA87F9E545}"
EndProject
Global
	GlobalSection(SolutionConfigurationPlatforms) = preSolution
		Debug|Any CPU = Debug|Any CPU
		Release|Any CPU = Release|Any CPU
	EndGlobalSection
	GlobalSection(ProjectConfigurationPlatforms) = postSolution
		{3BFA2651-54C1-4DF4-8FC3-21DA87F9E545}.Debug|Any CPU.ActiveCfg = Debug|Any CPU
		{3BFA2651-54C1-4DF4-8FC3-21DA87F9E545}.Debug|Any CPU.Build.0 = Debug|Any CPU
		{3BFA2651-54C1-4DF4-8FC3-21DA87F9E545}.Release|Any CPU.ActiveCfg = Release|Any CPU
		{3BFA2651-54C1-4DF4-8FC3-21DA87F9E545}.Release|Any CPU.Build.0 = Release|Any CPU
	EndGlobalSection
EndGlobal
